github.com/anchorageoss/awsnitroverifier v0.0.0-20251104172123-3b5e72802772 h1:os/shmt9aZfs9IcAciQuJbDnKp9bkP0Ly6miCEpILW8=
github.com/anchorageoss/awsnitroverifier v0.0.0-20251104172123-3b5e72802772/go.mod h1:FneTCO29DF7UG3DOzqZhJJfjW4oHuk62uuYXBbbBt/c=
github.com/anchorageoss/awsnitroverifier v0.0.0-20251113175506-85da0b801d93 h1:yHbUWbZ8G8m/oAA4GLaTKGw3RcDIQzsizaHmeywz/tg=
github.com/anchorageoss/awsnitroverifier v0.0.0-20251113175506-85da0b801d93/go.mod h1:FneTCO29DF7UG3DOzqZhJJfjW4oHuk62uuYXBbbBt/c=
github.com/anchorageoss/awsnitroverifier v0.0.0-20251113203702-f67aa0cad53e h1:0HP6BFj4Ee8GeBrx3um3MU9nXPGJg4fvisTdRHU6Gbs=
github.com/anchorageoss/awsnitroverifier v0.0.0-20251113203702-f67aa0cad53e/go.mod h1:FneTCO29DF7UG3DOzqZhJJfjW4oHuk62uuYXBbbBt/c=
github.com/davecgh/go-spew v1.1.1 h1:vj9j/u1bqnvCEfJOwUhtlOARqs3+rkHYY13jYWTU97c=
github.com/davecgh/go-spew v1.1.1/go.mod h1:J7Y8YcW2NihsgmVo/mv3lAwl/skON4iLHjSsI+c5H38=
github.com/fxamacker/cbor/v2 v2.9.0 h1:NpKPmjDBgUfBms6tr6JZkTHtfFGcMKsw3eGcmD/sapM=
github.com/fxamacker/cbor/v2 v2.9.0/go.mod h1:vM4b+DJCtHn+zz7h3FFp/hDAI9WNWCsZj23V5ytsSxQ=
github.com/near/borsh-go v0.3.1 h1:ukNbhJlPKxfua0/nIuMZhggSU8zvtRP/VyC25LLqPUA=
github.com/near/borsh-go v0.3.1/go.mod h1:NeMochZp7jN/pYFuxLkrZtmLqbADmnp/y1+/dL+AsyQ=
github.com/pmezard/go-difflib v1.0.0 h1:4DBwDE0NGyQoBHbLQYPwSUPoCMWR5BEzIk/f1lZbAQM=
github.com/pmezard/go-difflib v1.0.0/go.mod h1:iKH77koFhYxTK1pcRnkKkqfTogsbg7gZNVY4sRDYZ/4=
github.com/stretchr/testify v1.10.0 h1:Xv5erBjTwe/5IxqUQTdXv5kgmIvbHo3QQyRwhJsOfJA=
github.com/stretchr/testify v1.10.0/go.mod h1:r2ic/lqez/lEtzL7wO/rwa5dbSLXVDPFyf8C91i36aY=
github.com/urfave/cli/v3 v3.4.1 h1:1M9UOCy5bLmGnuu1yn3t3CB4rG79Rtoxuv1sPhnm6qM=
github.com/urfave/cli/v3 v3.4.1/go.mod h1:FJSKtM/9AiiTOJL4fJ6TbMUkxBXn7GO9guZqoZtpYpo=
github.com/x448/float16 v0.8.4 h1:qLwI1I70+NjRFUR3zs1JPUCgaCXSh3SW62uAKT1mSBM=
github.com/x448/float16 v0.8.4/go.mod h1:14CWIYCyZA/cWjXOioeEpHeN/83MdbZDRQHoFcYsOfg=
gopkg.in/check.v1 v0.0.0-20161208181325-20d25e280405 h1:yhCVgyC4o1eVCa2tZl7eS0r+SDo693bJlVdllGtEeKM=
gopkg.in/check.v1 v0.0.0-20161208181325-20d25e280405/go.mod h1:Co6ibVJAznAaIkqp8huTwlJQCZ016jof/cbN4VW5Yz0=
gopkg.in/yaml.v3 v3.0.1 h1:fxVm/GzAzEWqLHuvctI91KS9hhNmmWOoWu0XTYJS7CA=
gopkg.in/yaml.v3 v3.0.1/go.mod h1:K4uyk7z7BCEPqu6E+C64Yfv1cQ7kz7rIZviUmN+EgEM=
